
Microsoft Visual Studio Solution File, Format Version 12.00
# Visual Studio Version 17
VisualStudioVersion = 17.0.31912.275
MinimumVisualStudioVersion = 10.0.40219.1
Project("{FAE04EC0-301F-11D3-BF4B-00C04F79EFBC}") = "CC_LINQ_QuerySyntax_Lesson27", "CC_LINQ_QuerySyntax_Lesson27\CC_LINQ_QuerySyntax_Lesson27.csproj", "{27029BF9-2B37-4AFA-9409-36F1C9AFF680}"
EndProject
Global
	GlobalSection(SolutionConfigurationPlatforms) = preSolution
		Debug|Any CPU = Debug|Any CPU
		Release|Any CPU = Release|Any CPU
	EndGlobalSection
	GlobalSection(ProjectConfigurationPlatforms) = postSolution
		{27029BF9-2B37-4AFA-9409-36F1C9AFF680}.Debug|Any CPU.ActiveCfg = Debug|Any CPU
		{27029BF9-2B37-4AFA-9409-36F1C9AFF680}.Debug|Any CPU.Build.0 = Debug|Any CPU
		{27029BF9-2B37-4AFA-9409-36F1C9AFF680}.Release|Any CPU.ActiveCfg = Release|Any CPU
		{27029BF9-2B37-4AFA-9409-36F1C9AFF680}.Release|Any CPU.Build.0 = Release|Any CPU
	EndGlobalSection
	GlobalSection(SolutionProperties) = preSolution
		HideSolutionNode = FALSE
	EndGlobalSection
	GlobalSection(ExtensibilityGlobals) = postSolution
		SolutionGuid = {6FAB99ED-96CD-4137-A10F-59FAE62D7B6E}
	EndGlobalSection
EndGlobal
